{
  "name": "@sequentialos/zellous",
  "version": "2.0.0",
  "lockfileVersion": 3,
  "requires": true,
  "packages": {
    "": {
      "name": "@sequentialos/zellous",
      "version": "2.0.0",
      "license": "MIT",
      "dependencies": {
        "@preact/signals": "2.8.1",
        "@preact/signals-core": "1.13.0",
        "anentrypoint-design": "latest",
        "htm": "3.1.1",
        "preact": "10.28.4",
        "xstate": "^5.18.2"
      },
      "devDependencies": {
        "playwright": "^1.59.1"
      }
    },
    "node_modules/@preact/signals": {
      "version": "2.8.1",
      "resolved": "https://registry.npmjs.org/@preact/signals/-/signals-2.8.1.tgz",
      "integrity": "sha512-wX6U0SpcCukZTJBs5ChljvBZb3XmYzA5gd4vKHgX8wZZKaQCo2WHtmThdLx+mcVvlBa5u3XShC7ffbETJD4BiQ==",
      "dependencies": {
        "@preact/signals-core": "^1.13.0"
      },
      "funding": {
        "type": "opencollective",
        "url": "https://opencollective.com/preact"
      },
      "peerDependencies": {
        "preact": ">= 10.25.0 || >=11.0.0-0"
      }
    },
    "node_modules/@preact/signals-core": {
      "version": "1.13.0",
      "resolved": "https://registry.npmjs.org/@preact/signals-core/-/signals-core-1.13.0.tgz",
      "integrity": "sha512-slT6XeTCAbdql61GVLlGU4x7XHI7kCZV5Um5uhE4zLX4ApgiiXc0UYFvVOKq06xcovzp7p+61l68oPi563ARKg==",
      "funding": {
        "type": "opencollective",
        "url": "https://opencollective.com/preact"
      }
    },
    "node_modules/anentrypoint-design": {
      "version": "1.0.34",
      "resolved": "https://registry.npmjs.org/anentrypoint-design/-/anentrypoint-design-1.0.34.tgz",
      "integrity": "sha512-8Ygxr2y5e7yKmLIG3b7JmeXZ5oOR5nEB3/BVLeKeDkDxIm8S09EWIlkI6ZquhReK3aFXdV/DGE1QNVSLu+ZKHw=="
    },
    "node_modules/fsevents": {
      "version": "2.3.2",
      "resolved": "https://registry.npmjs.org/fsevents/-/fsevents-2.3.2.tgz",
      "integrity": "sha512-xiqMQR4xAeHTuB9uWm+fFRcIOgKBMiOBP+eXiyT7jsgVCq1bkVygt00oASowB7EdtpOHaaPgKt812P9ab+DDKA==",
      "dev": true,
      "hasInstallScript": true,
      "optional": true,
      "os": [
        "darwin"
      ],
      "engines": {
        "node": "^8.16.0 || ^10.6.0 || >=11.0.0"
      }
    },
    "node_modules/htm": {
      "version": "3.1.1",
      "resolved": "https://registry.npmjs.org/htm/-/htm-3.1.1.tgz",
      "integrity": "sha512-983Vyg8NwUE7JkZ6NmOqpCZ+sh1bKv2iYTlUkzlWmA5JD2acKoxd4KVxbMmxX/85mtfdnDmTFoNKcg5DGAvxNQ=="
    },
    "node_modules/playwright": {
      "version": "1.62.1",
      "resolved": "https://registry.npmjs.org/playwright/-/playwright-1.62.1.tgz",
      "integrity": "sha512-0M+L3LAD8/nm554LOla9Ayx0j0tmFZ0FBcoQ7F1VuVHpM/XpiC8RcDzBQB8W5+hA8L22THxELzeF+2WcUzvcLg==",
      "dev": true,
      "dependencies": {
        "playwright-core": "1.62.1"
      },
      "bin": {
        "playwright": "cli.js"
      },
      "engines": {
        "node": ">=20"
      },
      "optionalDependencies": {
        "fsevents": "2.3.2"
      }
    },
    "node_modules/playwright-core": {
      "version": "1.62.1",
      "resolved": "https://registry.npmjs.org/playwright-core/-/playwright-core-1.62.1.tgz",
      "integrity": "sha512-wPYSwEBJY9GHraISXqyqtx0na0LpO3XEX7jNDhntbex7tzUS7kLnZsOlFruFJB4Hi/rhDMjXGqHewDZ68nYZVw==",
      "dev": true,
      "bin": {
        "playwright-core": "cli.js"
      },
      "engines": {
        "node": ">=20"
      }
    },
    "node_modules/preact": {
      "version": "10.28.4",
      "resolved": "https://registry.npmjs.org/preact/-/preact-10.28.4.tgz",
      "integrity": "sha512-uKFfOHWuSNpRFVTnljsCluEFq57OKT+0QdOiQo8XWnQ/pSvg7OpX5eNOejELXJMWy+BwM2nobz0FkvzmnpCNsQ==",
      "funding": {
        "type": "opencollective",
        "url": "https://opencollective.com/preact"
      }
    },
    "node_modules/xstate": {
      "version": "5.32.5",
      "resolved": "https://registry.npmjs.org/xstate/-/xstate-5.32.5.tgz",
      "integrity": "sha512-ULazi1oe6wGrXl0Frb6otSlkm5HLifbbVTkMk5kkSKqz4TkxJaVpnl6jOJwKeid3ORPxYyZQgNLUSYX9q65SIA==",
      "funding": {
        "type": "opencollective",
        "url": "https://opencollective.com/xstate"
      }
    }
  }
}
